
Microsoft Visual Studio Solution File, Format Version 12.00
# Visual Studio Version 17
VisualStudioVersion = 17.4.33213.308
MinimumVisualStudioVersion = 10.0.40219.1
Project("{8BC9CEB8-8B4A-11D0-8D11-00A0C91BC942}") = "BMC Video Editor", "BMC Video Editor\BMC Video Editor.vcxproj", "{0656CDBE-334E-43DF-A1E7-495E1006EA68}"
EndProject
Global
	GlobalSection(SolutionConfigurationPlatforms) = preSolution
		Debug|x64 = Debug|x64
		Debug|x86 = Debug|x86
		Release|x64 = Release|x64
		Release|x86 = Release|x86
	EndGlobalSection
	GlobalSection(ProjectConfigurationPlatforms) = postSolution
		{0656CDBE-334E-43DF-A1E7-495E1006EA68}.Debug|x64.ActiveCfg = Debug|x64
		{0656CDBE-334E-43DF-A1E7-495E1006EA68}.Debug|x64.Build.0 = Debug|x64
		{0656CDBE-334E-43DF-A1E7-495E1006EA68}.Debug|x86.ActiveCfg = Debug|Win32
		{0656CDBE-334E-43DF-A1E7-495E1006EA68}.Debug|x86.Build.0 = Debug|Win32
		{0656CDBE-334E-43DF-A1E7-495E1006EA68}.Release|x64.ActiveCfg = Release|x64
		{0656CDBE-334E-43DF-A1E7-495E1006EA68}.Release|x64.Build.0 = Release|x64
		{0656CDBE-334E-43DF-A1E7-495E1006EA68}.Release|x86.ActiveCfg = Release|Win32
		{0656CDBE-334E-43DF-A1E7-495E1006EA68}.Release|x86.Build.0 = Release|Win32
	EndGlobalSection
	GlobalSection(SolutionProperties) = preSolution
		HideSolutionNode = FALSE
	EndGlobalSection
	GlobalSection(ExtensibilityGlobals) = postSolution
		SolutionGuid = {A6EB2C4C-CC30-4013-B79B-EEFEE11644FE}
	EndGlobalSection
EndGlobal
